
Microsoft Visual Studio Solution File, Format Version 12.00
# Visual Studio 2015
Project("{FAE04EC0-301F-11D3-BF4B-00C04F79EFBC}") = "LeapMotionTest1.CSharp", "LeapMotionTest1.CSharp.csproj", "{CD30F942-A92B-3464-18D8-EC940C22476E}"
EndProject
Project("{FAE04EC0-301F-11D3-BF4B-00C04F79EFBC}") = "LeapMotionTest1.CSharp.Editor", "LeapMotionTest1.CSharp.Editor.csproj", "{36927108-75D4-B8AD-A488-E3D26CABACFD}"
EndProject
Global
	GlobalSection(SolutionConfigurationPlatforms) = preSolution
		Debug|Any CPU = Debug|Any CPU
		Release|Any CPU = Release|Any CPU
	EndGlobalSection
	GlobalSection(ProjectConfigurationPlatforms) = postSolution
		{CD30F942-A92B-3464-18D8-EC940C22476E}.Debug|Any CPU.ActiveCfg = Debug|Any CPU
		{CD30F942-A92B-3464-18D8-EC940C22476E}.Debug|Any CPU.Build.0 = Debug|Any CPU
		{CD30F942-A92B-3464-18D8-EC940C22476E}.Release|Any CPU.ActiveCfg = Release|Any CPU
		{CD30F942-A92B-3464-18D8-EC940C22476E}.Release|Any CPU.Build.0 = Release|Any CPU
		{36927108-75D4-B8AD-A488-E3D26CABACFD}.Debug|Any CPU.ActiveCfg = Debug|Any CPU
		{36927108-75D4-B8AD-A488-E3D26CABACFD}.Debug|Any CPU.Build.0 = Debug|Any CPU
		{36927108-75D4-B8AD-A488-E3D26CABACFD}.Release|Any CPU.ActiveCfg = Release|Any CPU
		{36927108-75D4-B8AD-A488-E3D26CABACFD}.Release|Any CPU.Build.0 = Release|Any CPU
	EndGlobalSection
	GlobalSection(SolutionProperties) = preSolution
		HideSolutionNode = FALSE
	EndGlobalSection
EndGlobal
